
Microsoft Visual Studio Solution File, Format Version 12.00
# Visual Studio Version 17
VisualStudioVersion = 17.10.35013.160
MinimumVisualStudioVersion = 10.0.40219.1
Project("{FAE04EC0-301F-11D3-BF4B-00C04F79EFBC}") = "ExpenseTracker", "ExpenseTracker.csproj", "{8731702F-AAE4-44BA-B3D1-BAD613215126}"
EndProject
Global
	GlobalSection(SolutionConfigurationPlatforms) = preSolution
		Debug|Any CPU = Debug|Any CPU
		Release|Any CPU = Release|Any CPU
	EndGlobalSection
	GlobalSection(ProjectConfigurationPlatforms) = postSolution
		{8731702F-AAE4-44BA-B3D1-BAD613215126}.Debug|Any CPU.ActiveCfg = Debug|Any CPU
		{8731702F-AAE4-44BA-B3D1-BAD613215126}.Debug|Any CPU.Build.0 = Debug|Any CPU
		{8731702F-AAE4-44BA-B3D1-BAD613215126}.Release|Any CPU.ActiveCfg = Release|Any CPU
		{8731702F-AAE4-44BA-B3D1-BAD613215126}.Release|Any CPU.Build.0 = Release|Any CPU
	EndGlobalSection
	GlobalSection(SolutionProperties) = preSolution
		HideSolutionNode = FALSE
	EndGlobalSection
	GlobalSection(ExtensibilityGlobals) = postSolution
		SolutionGuid = {1954DEAE-F62F-4ED7-8807-59FF3CE6CA91}
	EndGlobalSection
EndGlobal
